
Microsoft Visual Studio Solution File, Format Version 12.00
# Visual Studio Version 17
VisualStudioVersion = 17.11.35327.3
MinimumVisualStudioVersion = 10.0.40219.1
Project("{2150E333-8FDC-42A3-9474-1A3956D46DE8}") = "src", "src", "{2DC101BB-86D6-41FD-9AC9-6E91F90BD209}"
EndProject
Project("{2150E333-8FDC-42A3-9474-1A3956D46DE8}") = "Common", "Common", "{045ECC3D-8421-42B9-BE25-D66980D0DF16}"
EndProject
Project("{2150E333-8FDC-42A3-9474-1A3956D46DE8}") = "Core", "Core", "{AF26AA24-D0F5-48FC-8763-CA69368DB312}"
EndProject
Project("{2150E333-8FDC-42A3-9474-1A3956D46DE8}") = "Infrastructure", "Infrastructure", "{820B5D50-35DD-46EE-9E3A-B115C7108EB3}"
EndProject
Project("{2150E333-8FDC-42A3-9474-1A3956D46DE8}") = "Web", "Web", "{9342CD89-A095-480B-A7A0-9C76D061E76C}"
EndProject
Project("{9A19103F-16F7-4668-BE54-9A1E7A4F7556}") = "PurrSoft.Common", "PurrSoft.Common\PurrSoft.Common.csproj", "{26D9645E-9811-4514-BBBC-2FAC15E19A73}"
EndProject
Project("{9A19103F-16F7-4668-BE54-9A1E7A4F7556}") = "PurrSoft.Application", "PurrSoft.Application\PurrSoft.Application.csproj", "{107857E2-D033-40C9-99FB-439CFF319247}"
EndProject
Project("{9A19103F-16F7-4668-BE54-9A1E7A4F7556}") = "PurrSoft.Domain", "PurrSoft.Domain\PurrSoft.Domain.csproj", "{CE2DB6FB-3355-49E3-A8AA-B41BEE016195}"
EndProject
Project("{9A19103F-16F7-4668-BE54-9A1E7A4F7556}") = "PurrSoft.Infrastructure", "PurrSoft.Infrastructure\PurrSoft.Infrastructure.csproj", "{892AE51E-6825-41B7-AEC5-E591FFBA8613}"
EndProject
Project("{9A19103F-16F7-4668-BE54-9A1E7A4F7556}") = "PurrSoft.Persistence", "PurrSoft.Persistence\PurrSoft.Persistence.csproj", "{5D2E0C3A-B715-4647-9F4C-496DB194FFEF}"
EndProject
Project("{9A19103F-16F7-4668-BE54-9A1E7A4F7556}") = "PurrSoft.Api", "PurrSoft.Api\PurrSoft.Api.csproj", "{EE701880-4AA8-41D4-BF2F-78A6AE2A7D39}"
EndProject
Project("{2150E333-8FDC-42A3-9474-1A3956D46DE8}") = "Solution Items", "Solution Items", "{9BEBB5B6-F3ED-4E73-B078-E9D0DA6E7BDE}"
	ProjectSection(SolutionItems) = preProject
		.gitignore = .gitignore
	EndProjectSection
EndProject
Global
	GlobalSection(SolutionConfigurationPlatforms) = preSolution
		Debug|Any CPU = Debug|Any CPU
		Release|Any CPU = Release|Any CPU
	EndGlobalSection
	GlobalSection(ProjectConfigurationPlatforms) = postSolution
		{26D9645E-9811-4514-BBBC-2FAC15E19A73}.Debug|Any CPU.ActiveCfg = Debug|Any CPU
		{26D9645E-9811-4514-BBBC-2FAC15E19A73}.Debug|Any CPU.Build.0 = Debug|Any CPU
		{26D9645E-9811-4514-BBBC-2FAC15E19A73}.Release|Any CPU.ActiveCfg = Release|Any CPU
		{26D9645E-9811-4514-BBBC-2FAC15E19A73}.Release|Any CPU.Build.0 = Release|Any CPU
		{107857E2-D033-40C9-99FB-439CFF319247}.Debug|Any CPU.ActiveCfg = Debug|Any CPU
		{107857E2-D033-40C9-99FB-439CFF319247}.Debug|Any CPU.Build.0 = Debug|Any CPU
		{107857E2-D033-40C9-99FB-439CFF319247}.Release|Any CPU.ActiveCfg = Release|Any CPU
		{107857E2-D033-40C9-99FB-439CFF319247}.Release|Any CPU.Build.0 = Release|Any CPU
		{CE2DB6FB-3355-49E3-A8AA-B41BEE016195}.Debug|Any CPU.ActiveCfg = Debug|Any CPU
		{CE2DB6FB-3355-49E3-A8AA-B41BEE016195}.Debug|Any CPU.Build.0 = Debug|Any CPU
		{CE2DB6FB-3355-49E3-A8AA-B41BEE016195}.Release|Any CPU.ActiveCfg = Release|Any CPU
		{CE2DB6FB-3355-49E3-A8AA-B41BEE016195}.Release|Any CPU.Build.0 = Release|Any CPU
		{892AE51E-6825-41B7-AEC5-E591FFBA8613}.Debug|Any CPU.ActiveCfg = Debug|Any CPU
		{892AE51E-6825-41B7-AEC5-E591FFBA8613}.Debug|Any CPU.Build.0 = Debug|Any CPU
		{892AE51E-6825-41B7-AEC5-E591FFBA8613}.Release|Any CPU.ActiveCfg = Release|Any CPU
		{892AE51E-6825-41B7-AEC5-E591FFBA8613}.Release|Any CPU.Build.0 = Release|Any CPU
		{5D2E0C3A-B715-4647-9F4C-496DB194FFEF}.Debug|Any CPU.ActiveCfg = Debug|Any CPU
		{5D2E0C3A-B715-4647-9F4C-496DB194FFEF}.Debug|Any CPU.Build.0 = Debug|Any CPU
		{5D2E0C3A-B715-4647-9F4C-496DB194FFEF}.Release|Any CPU.ActiveCfg = Release|Any CPU
		{5D2E0C3A-B715-4647-9F4C-496DB194FFEF}.Release|Any CPU.Build.0 = Release|Any CPU
		{EE701880-4AA8-41D4-BF2F-78A6AE2A7D39}.Debug|Any CPU.ActiveCfg = Debug|Any CPU
		{EE701880-4AA8-41D4-BF2F-78A6AE2A7D39}.Debug|Any CPU.Build.0 = Debug|Any CPU
		{EE701880-4AA8-41D4-BF2F-78A6AE2A7D39}.Release|Any CPU.ActiveCfg = Release|Any CPU
		{EE701880-4AA8-41D4-BF2F-78A6AE2A7D39}.Release|Any CPU.Build.0 = Release|Any CPU
	EndGlobalSection
	GlobalSection(SolutionProperties) = preSolution
		HideSolutionNode = FALSE
	EndGlobalSection
	GlobalSection(NestedProjects) = preSolution
		{045ECC3D-8421-42B9-BE25-D66980D0DF16} = {2DC101BB-86D6-41FD-9AC9-6E91F90BD209}
		{AF26AA24-D0F5-48FC-8763-CA69368DB312} = {2DC101BB-86D6-41FD-9AC9-6E91F90BD209}
		{820B5D50-35DD-46EE-9E3A-B115C7108EB3} = {2DC101BB-86D6-41FD-9AC9-6E91F90BD209}
		{9342CD89-A095-480B-A7A0-9C76D061E76C} = {2DC101BB-86D6-41FD-9AC9-6E91F90BD209}
		{26D9645E-9811-4514-BBBC-2FAC15E19A73} = {045ECC3D-8421-42B9-BE25-D66980D0DF16}
		{107857E2-D033-40C9-99FB-439CFF319247} = {AF26AA24-D0F5-48FC-8763-CA69368DB312}
		{CE2DB6FB-3355-49E3-A8AA-B41BEE016195} = {AF26AA24-D0F5-48FC-8763-CA69368DB312}
		{892AE51E-6825-41B7-AEC5-E591FFBA8613} = {820B5D50-35DD-46EE-9E3A-B115C7108EB3}
		{5D2E0C3A-B715-4647-9F4C-496DB194FFEF} = {820B5D50-35DD-46EE-9E3A-B115C7108EB3}
		{EE701880-4AA8-41D4-BF2F-78A6AE2A7D39} = {9342CD89-A095-480B-A7A0-9C76D061E76C}
	EndGlobalSection
EndGlobal
